// !$*UTF8*$!
{
	archiveVersion = 1;
	classes = {
	};
	objectVersion = 50;
	objects = {

/* Begin PBXBuildFile section */
		BE7BC5CC21F942D90088A8A8 /* AppDelegate.swift in Sources */ = {isa = PBXBuildFile; fileRef = BE7BC5CB21F942D90088A8A8 /* AppDelegate.swift */; };
		BE7BC5CE21F942D90088A8A8 /* ClockViewController.swift in Sources */ = {isa = PBXBuildFile; fileRef = BE7BC5CD21F942D90088A8A8 /* ClockViewController.swift */; };
		BE7BC5D321F942DF0088A8A8 /* Assets.xcassets in Resources */ = {isa = PBXBuildFile; fileRef = BE7BC5D221F942DF0088A8A8 /* Assets.xcassets */; };
		BE7BC5D621F942DF0088A8A8 /* LaunchScreen.storyboard in Resources */ = {isa = PBXBuildFile; fileRef = BE7BC5D421F942DF0088A8A8 /* LaunchScreen.storyboard */; };
		BE7BC5E121F942E00088A8A8 /* TimeTests.swift in Sources */ = {isa = PBXBuildFile; fileRef = BE7BC5E021F942E00088A8A8 /* TimeTests.swift */; };
		BE7BC5EC21F942E00088A8A8 /* TimeUITests.swift in Sources */ = {isa = PBXBuildFile; fileRef = BE7BC5EB21F942E00088A8A8 /* TimeUITests.swift */; };
		BE7BC5FA21F943F60088A8A8 /* ClockView.swift in Sources */ = {isa = PBXBuildFile; fileRef = BE7BC5F921F943F60088A8A8 /* ClockView.swift */; };
/* End PBXBuildFile section */

/* Begin PBXContainerItemProxy section */
		BE7BC5DD21F942E00088A8A8 /* PBXContainerItemProxy */ = {
			isa = PBXContainerItemProxy;
			containerPortal = BE7BC5C021F942D90088A8A8 /* Project object */;
			proxyType = 1;
			remoteGlobalIDString = BE7BC5C721F942D90088A8A8;
			remoteInfo = Time;
		};
		BE7BC5E821F942E00088A8A8 /* PBXContainerItemProxy */ = {
			isa = PBXContainerItemProxy;
			containerPortal = BE7BC5C021F942D90088A8A8 /* Project object */;
			proxyType = 1;
			remoteGlobalIDString = BE7BC5C721F942D90088A8A8;
			remoteInfo = Time;
		};
/* End PBXContainerItemProxy section */

/* Begin PBXFileReference section */
		BE7BC5C821F942D90088A8A8 /* Time.app */ = {isa = PBXFileReference; explicitFileType = wrapper.application; includeInIndex = 0; path = Time.app; sourceTree = BUILT_PRODUCTS_DIR; };
		BE7BC5CB21F942D90088A8A8 /* AppDelegate.swift */ = {isa = PBXFileReference; lastKnownFileType = sourcecode.swift; path = AppDelegate.swift; sourceTree = "<group>"; };
		BE7BC5CD21F942D90088A8A8 /* ClockViewController.swift */ = {isa = PBXFileReference; lastKnownFileType = sourcecode.swift; path = ClockViewController.swift; sourceTree = "<group>"; };
		BE7BC5D221F942DF0088A8A8 /* Assets.xcassets */ = {isa = PBXFileReference; lastKnownFileType = folder.assetcatalog; path = Assets.xcassets; sourceTree = "<group>"; };
		BE7BC5D521F942DF0088A8A8 /* Base */ = {isa = PBXFileReference; lastKnownFileType = file.storyboard; name = Base; path = Base.lproj/LaunchScreen.storyboard; sourceTree = "<group>"; };
		BE7BC5D721F942DF0088A8A8 /* Info.plist */ = {isa = PBXFileReference; lastKnownFileType = text.plist.xml; path = Info.plist; sourceTree = "<group>"; };
		BE7BC5DC21F942E00088A8A8 /* TimeTests.xctest */ = {isa = PBXFileReference; explicitFileType = wrapper.cfbundle; includeInIndex = 0; path = TimeTests.xctest; sourceTree = BUILT_PRODUCTS_DIR; };
		BE7BC5E021F942E00088A8A8 /* TimeTests.swift */ = {isa = PBXFileReference; lastKnownFileType = sourcecode.swift; path = TimeTests.swift; sourceTree = "<group>"; };
		BE7BC5E221F942E00088A8A8 /* Info.plist */ = {isa = PBXFileReference; lastKnownFileType = text.plist.xml; path = Info.plist; sourceTree = "<group>"; };
		BE7BC5E721F942E00088A8A8 /* TimeUITests.xctest */ = {isa = PBXFileReference; explicitFileType = wrapper.cfbundle; includeInIndex = 0; path = TimeUITests.xctest; sourceTree = BUILT_PRODUCTS_DIR; };
		BE7BC5EB21F942E00088A8A8 /* TimeUITests.swift */ = {isa = PBXFileReference; lastKnownFileType = sourcecode.swift; path = TimeUITests.swift; sourceTree = "<group>"; };
		BE7BC5ED21F942E00088A8A8 /* Info.plist */ = {isa = PBXFileReference; lastKnownFileType = text.plist.xml; path = Info.plist; sourceTree = "<group>"; };
		BE7BC5F921F943F60088A8A8 /* ClockView.swift */ = {isa = PBXFileReference; lastKnownFileType = sourcecode.swift; path = ClockView.swift; sourceTree = "<group>"; };
/* End PBXFileReference section */

/* Begin PBXFrameworksBuildPhase section */
		BE7BC5C521F942D90088A8A8 /* Frameworks */ = {
			isa = PBXFrameworksBuildPhase;
			buildActionMask = 2147483647;
			files = (
			);
			runOnlyForDeploymentPostprocessing = 0;
		};
		BE7BC5D921F942E00088A8A8 /* Frameworks */ = {
			isa = PBXFrameworksBuildPhase;
			buildActionMask = 2147483647;
			files = (
			);
			runOnlyForDeploymentPostprocessing = 0;
		};
		BE7BC5E421F942E00088A8A8 /* Frameworks */ = {
			isa = PBXFrameworksBuildPhase;
			buildActionMask = 2147483647;
			files = (
			);
			runOnlyForDeploymentPostprocessing = 0;
		};
/* End PBXFrameworksBuildPhase section */

/* Begin PBXGroup section */
		BE7BC5BF21F942D90088A8A8 = {
			isa = PBXGroup;
			children = (
				BE7BC5CA21F942D90088A8A8 /* Time */,
				BE7BC5DF21F942E00088A8A8 /* TimeTests */,
				BE7BC5EA21F942E00088A8A8 /* TimeUITests */,
				BE7BC5C921F942D90088A8A8 /* Products */,
			);
			sourceTree = "<group>";
		};
		BE7BC5C921F942D90088A8A8 /* Products */ = {
			isa = PBXGroup;
			children = (
				BE7BC5C821F942D90088A8A8 /* Time.app */,
				BE7BC5DC21F942E00088A8A8 /* TimeTests.xctest */,
				BE7BC5E721F942E00088A8A8 /* TimeUITests.xctest */,
			);
			name = Products;
			sourceTree = "<group>";
		};
		BE7BC5CA21F942D90088A8A8 /* Time */ = {
			isa = PBXGroup;
			children = (
				BE7BC5CB21F942D90088A8A8 /* AppDelegate.swift */,
				BE7BC5CD21F942D90088A8A8 /* ClockViewController.swift */,
				BE7BC5D221F942DF0088A8A8 /* Assets.xcassets */,
				BE7BC5D421F942DF0088A8A8 /* LaunchScreen.storyboard */,
				BE7BC5D721F942DF0088A8A8 /* Info.plist */,
				BE7BC5F921F943F60088A8A8 /* ClockView.swift */,
			);
			path = Time;
			sourceTree = "<group>";
		};
		BE7BC5DF21F942E00088A8A8 /* TimeTests */ = {
			isa = PBXGroup;
			children = (
				BE7BC5E021F942E00088A8A8 /* TimeTests.swift */,
				BE7BC5E221F942E00088A8A8 /* Info.plist */,
			);
			path = TimeTests;
			sourceTree = "<group>";
		};
		BE7BC5EA21F942E00088A8A8 /* TimeUITests */ = {
			isa = PBXGroup;
			children = (
				BE7BC5EB21F942E00088A8A8 /* TimeUITests.swift */,
				BE7BC5ED21F942E00088A8A8 /* Info.plist */,
			);
			path = TimeUITests;
			sourceTree = "<group>";
		};
/* End PBXGroup section */

/* Begin PBXNativeTarget section */
		BE7BC5C721F942D90088A8A8 /* Time */ = {
			isa = PBXNativeTarget;
			buildConfigurationList = BE7BC5F021F942E00088A8A8 /* Build configuration list for PBXNativeTarget "Time" */;
			buildPhases = (
				BE7BC5C421F942D90088A8A8 /* Sources */,
				BE7BC5C521F942D90088A8A8 /* Frameworks */,
				BE7BC5C621F942D90088A8A8 /* Resources */,
			);
			buildRules = (
			);
			dependencies = (
			);
			name = Time;
			productName = Time;
			productReference = BE7BC5C821F942D90088A8A8 /* Time.app */;
			productType = "com.apple.product-type.application";
		};
		BE7BC5DB21F942E00088A8A8 /* TimeTests */ = {
			isa = PBXNativeTarget;
			buildConfigurationList = BE7BC5F321F942E00088A8A8 /* Build configuration list for PBXNativeTarget "TimeTests" */;
			buildPhases = (
				BE7BC5D821F942E00088A8A8 /* Sources */,
				BE7BC5D921F942E00088A8A8 /* Frameworks */,
				BE7BC5DA21F942E00088A8A8 /* Resources */,
			);
			buildRules = (
			);
			dependencies = (
				BE7BC5DE21F942E00088A8A8 /* PBXTargetDependency */,
			);
			name = TimeTests;
			productName = TimeTests;
			productReference = BE7BC5DC21F942E00088A8A8 /* TimeTests.xctest */;
			productType = "com.apple.product-type.bundle.unit-test";
		};
		BE7BC5E621F942E00088A8A8 /* TimeUITests */ = {
			isa = PBXNativeTarget;
			buildConfigurationList = BE7BC5F621F942E00088A8A8 /* Build configuration list for PBXNativeTarget "TimeUITests" */;
			buildPhases = (
				BE7BC5E321F942E00088A8A8 /* Sources */,
				BE7BC5E421F942E00088A8A8 /* Frameworks */,
				BE7BC5E521F942E00088A8A8 /* Resources */,
			);
			buildRules = (
			);
			dependencies = (
				BE7BC5E921F942E00088A8A8 /* PBXTargetDependency */,
			);
			name = TimeUITests;
			productName = TimeUITests;
			productReference = BE7BC5E721F942E00088A8A8 /* TimeUITests.xctest */;
			productType = "com.apple.product-type.bundle.ui-testing";
		};
/* End PBXNativeTarget section */

/* Begin PBXProject section */
		BE7BC5C021F942D90088A8A8 /* Project object */ = {
			isa = PBXProject;
			attributes = {
				LastSwiftUpdateCheck = 1010;
				LastUpgradeCheck = 1010;
				ORGANIZATIONNAME = CS4530;
				TargetAttributes = {
					BE7BC5C721F942D90088A8A8 = {
						CreatedOnToolsVersion = 10.1;
					};
					BE7BC5DB21F942E00088A8A8 = {
						CreatedOnToolsVersion = 10.1;
						TestTargetID = BE7BC5C721F942D90088A8A8;
					};
					BE7BC5E621F942E00088A8A8 = {
						CreatedOnToolsVersion = 10.1;
						TestTargetID = BE7BC5C721F942D90088A8A8;
					};
				};
			};
			buildConfigurationList = BE7BC5C321F942D90088A8A8 /* Build configuration list for PBXProject "Time" */;
			compatibilityVersion = "Xcode 9.3";
			developmentRegion = en;
			hasScannedForEncodings = 0;
			knownRegions = (
				en,
				Base,
			);
			mainGroup = BE7BC5BF21F942D90088A8A8;
			productRefGroup = BE7BC5C921F942D90088A8A8 /* Products */;
			projectDirPath = "";
			projectRoot = "";
			targets = (
				BE7BC5C721F942D90088A8A8 /* Time */,
				BE7BC5DB21F942E00088A8A8 /* TimeTests */,
				BE7BC5E621F942E00088A8A8 /* TimeUITests */,
			);
		};
/* End PBXProject section */

/* Begin PBXResourcesBuildPhase section */
		BE7BC5C621F942D90088A8A8 /* Resources */ = {
			isa = PBXResourcesBuildPhase;
			buildActionMask = 2147483647;
			files = (
				BE7BC5D621F942DF0088A8A8 /* LaunchScreen.storyboard in Resources */,
				BE7BC5D321F942DF0088A8A8 /* Assets.xcassets in Resources */,
			);
			runOnlyForDeploymentPostprocessing = 0;
		};
		BE7BC5DA21F942E00088A8A8 /* Resources */ = {
			isa = PBXResourcesBuildPhase;
			buildActionMask = 2147483647;
			files = (
			);
			runOnlyForDeploymentPostprocessing = 0;
		};
		BE7BC5E521F942E00088A8A8 /* Resources */ = {
			isa = PBXResourcesBuildPhase;
			buildActionMask = 2147483647;
			files = (
			);
			runOnlyForDeploymentPostprocessing = 0;
		};
/* End PBXResourcesBuildPhase section */

/* Begin PBXSourcesBuildPhase section */
		BE7BC5C421F942D90088A8A8 /* Sources */ = {
			isa = PBXSourcesBuildPhase;
			buildActionMask = 2147483647;
			files = (
				BE7BC5CE21F942D90088A8A8 /* ClockViewController.swift in Sources */,
				BE7BC5FA21F943F60088A8A8 /* ClockView.swift in Sources */,
				BE7BC5CC21F942D90088A8A8 /* AppDelegate.swift in Sources */,
			);
			runOnlyForDeploymentPostprocessing = 0;
		};
		BE7BC5D821F942E00088A8A8 /* Sources */ = {
			isa = PBXSourcesBuildPhase;
			buildActionMask = 2147483647;
			files = (
				BE7BC5E121F942E00088A8A8 /* TimeTests.swift in Sources */,
			);
			runOnlyForDeploymentPostprocessing = 0;
		};
		BE7BC5E321F942E00088A8A8 /* Sources */ = {
			isa = PBXSourcesBuildPhase;
			buildActionMask = 2147483647;
			files = (
				BE7BC5EC21F942E00088A8A8 /* TimeUITests.swift in Sources */,
			);
			runOnlyForDeploymentPostprocessing = 0;
		};
/* End PBXSourcesBuildPhase section */

/* Begin PBXTargetDependency section */
		BE7BC5DE21F942E00088A8A8 /* PBXTargetDependency */ = {
			isa = PBXTargetDependency;
			target = BE7BC5C721F942D90088A8A8 /* Time */;
			targetProxy = BE7BC5DD21F942E00088A8A8 /* PBXContainerItemProxy */;
		};
		BE7BC5E921F942E00088A8A8 /* PBXTargetDependency */ = {
			isa = PBXTargetDependency;
			target = BE7BC5C721F942D90088A8A8 /* Time */;
			targetProxy = BE7BC5E821F942E00088A8A8 /* PBXContainerItemProxy */;
		};
/* End PBXTargetDependency section */

/* Begin PBXVariantGroup section */
		BE7BC5D421F942DF0088A8A8 /* LaunchScreen.storyboard */ = {
			isa = PBXVariantGroup;
			children = (
				BE7BC5D521F942DF0088A8A8 /* Base */,
			);
			name = LaunchScreen.storyboard;
			sourceTree = "<group>";
		};
/* End PBXVariantGroup section */

/* Begin XCBuildConfiguration section */
		BE7BC5EE21F942E00088A8A8 /* Debug */ = {
			isa = XCBuildConfiguration;
			buildSettings = {
				ALWAYS_SEARCH_USER_PATHS = NO;
				CLANG_ANALYZER_NONNULL = YES;
				CLANG_ANALYZER_NUMBER_OBJECT_CONVERSION = YES_AGGRESSIVE;
				CLANG_CXX_LANGUAGE_STANDARD = "gnu++14";
				CLANG_CXX_LIBRARY = "libc++";
				CLANG_ENABLE_MODULES = YES;
				CLANG_ENABLE_OBJC_ARC = YES;
				CLANG_ENABLE_OBJC_WEAK = YES;
				CLANG_WARN_BLOCK_CAPTURE_AUTORELEASING = YES;
				CLANG_WARN_BOOL_CONVERSION = YES;
				CLANG_WARN_COMMA = YES;
				CLANG_WARN_CONSTANT_CONVERSION = YES;
				CLANG_WARN_DEPRECATED_OBJC_IMPLEMENTATIONS = YES;
				CLANG_WARN_DIRECT_OBJC_ISA_USAGE = YES_ERROR;
				CLANG_WARN_DOCUMENTATION_COMMENTS = YES;
				CLANG_WARN_EMPTY_BODY = YES;
				CLANG_WARN_ENUM_CONVERSION = YES;
				CLANG_WARN_INFINITE_RECURSION = YES;
				CLANG_WARN_INT_CONVERSION = YES;
				CLANG_WARN_NON_LITERAL_NULL_CONVERSION = YES;
				CLANG_WARN_OBJC_IMPLICIT_RETAIN_SELF = YES;
				CLANG_WARN_OBJC_LITERAL_CONVERSION = YES;
				CLANG_WARN_OBJC_ROOT_CLASS = YES_ERROR;
				CLANG_WARN_RANGE_LOOP_ANALYSIS = YES;
				CLANG_WARN_STRICT_PROTOTYPES = YES;
				CLANG_WARN_SUSPICIOUS_MOVE = YES;
				CLANG_WARN_UNGUARDED_AVAILABILITY = YES_AGGRESSIVE;
				CLANG_WARN_UNREACHABLE_CODE = YES;
				CLANG_WARN__DUPLICATE_METHOD_MATCH = YES;
				CODE_SIGN_IDENTITY = "iPhone Developer";
				COPY_PHASE_STRIP = NO;
				DEBUG_INFORMATION_FORMAT = dwarf;
				ENABLE_STRICT_OBJC_MSGSEND = YES;
				ENABLE_TESTABILITY = YES;
				GCC_C_LANGUAGE_STANDARD = gnu11;
				GCC_DYNAMIC_NO_PIC = NO;
				GCC_NO_COMMON_BLOCKS = YES;
				GCC_OPTIMIZATION_LEVEL = 0;
				GCC_PREPROCESSOR_DEFINITIONS = (
					"DEBUG=1",
					"$(inherited)",
				);
				GCC_WARN_64_TO_32_BIT_CONVERSION = YES;
				GCC_WARN_ABOUT_RETURN_TYPE = YES_ERROR;
				GCC_WARN_UNDECLARED_SELECTOR = YES;
				GCC_WARN_UNINITIALIZED_AUTOS = YES_AGGRESSIVE;
				GCC_WARN_UNUSED_FUNCTION = YES;
				GCC_WARN_UNUSED_VARIABLE = YES;
				IPHONEOS_DEPLOYMENT_TARGET = 12.1;
				MTL_ENABLE_DEBUG_INFO = INCLUDE_SOURCE;
				MTL_FAST_MATH = YES;
				ONLY_ACTIVE_ARCH = YES;
				SDKROOT = iphoneos;
				SWIFT_ACTIVE_COMPILATION_CONDITIONS = DEBUG;
				SWIFT_OPTIMIZATION_LEVEL = "-Onone";
			};
			name = Debug;
		};
		BE7BC5EF21F942E00088A8A8 /* Release */ = {
			isa = XCBuildConfiguration;
			buildSettings = {
				ALWAYS_SEARCH_USER_PATHS = NO;
				CLANG_ANALYZER_NONNULL = YES;
				CLANG_ANALYZER_NUMBER_OBJECT_CONVERSION = YES_AGGRESSIVE;
				CLANG_CXX_LANGUAGE_STANDARD = "gnu++14";
				CLANG_CXX_LIBRARY = "libc++";
				CLANG_ENABLE_MODULES = YES;
				CLANG_ENABLE_OBJC_ARC = YES;
				CLANG_ENABLE_OBJC_WEAK = YES;
				CLANG_WARN_BLOCK_CAPTURE_AUTORELEASING = YES;
				CLANG_WARN_BOOL_CONVERSION = YES;
				CLANG_WARN_COMMA = YES;
				CLANG_WARN_CONSTANT_CONVERSION = YES;
				CLANG_WARN_DEPRECATED_OBJC_IMPLEMENTATIONS = YES;
				CLANG_WARN_DIRECT_OBJC_ISA_USAGE = YES_ERROR;
				CLANG_WARN_DOCUMENTATION_COMMENTS = YES;
				CLANG_WARN_EMPTY_BODY = YES;
				CLANG_WARN_ENUM_CONVERSION = YES;
				CLANG_WARN_INFINITE_RECURSION = YES;
				CLANG_WARN_INT_CONVERSION = YES;
				CLANG_WARN_NON_LITERAL_NULL_CONVERSION = YES;
				CLANG_WARN_OBJC_IMPLICIT_RETAIN_SELF = YES;
				CLANG_WARN_OBJC_LITERAL_CONVERSION = YES;
				CLANG_WARN_OBJC_ROOT_CLASS = YES_ERROR;
				CLANG_WARN_RANGE_LOOP_ANALYSIS = YES;
				CLANG_WARN_STRICT_PROTOTYPES = YES;
				CLANG_WARN_SUSPICIOUS_MOVE = YES;
				CLANG_WARN_UNGUARDED_AVAILABILITY = YES_AGGRESSIVE;
				CLANG_WARN_UNREACHABLE_CODE = YES;
				CLANG_WARN__DUPLICATE_METHOD_MATCH = YES;
				CODE_SIGN_IDENTITY = "iPhone Developer";
				COPY_PHASE_STRIP = NO;
				DEBUG_INFORMATION_FORMAT = "dwarf-with-dsym";
				ENABLE_NS_ASSERTIONS = NO;
				ENABLE_STRICT_OBJC_MSGSEND = YES;
				GCC_C_LANGUAGE_STANDARD = gnu11;
				GCC_NO_COMMON_BLOCKS = YES;
				GCC_WARN_64_TO_32_BIT_CONVERSION = YES;
				GCC_WARN_ABOUT_RETURN_TYPE = YES_ERROR;
				GCC_WARN_UNDECLARED_SELECTOR = YES;
				GCC_WARN_UNINITIALIZED_AUTOS = YES_AGGRESSIVE;
				GCC_WARN_UNUSED_FUNCTION = YES;
				GCC_WARN_UNUSED_VARIABLE = YES;
				IPHONEOS_DEPLOYMENT_TARGET = 12.1;
				MTL_ENABLE_DEBUG_INFO = NO;
				MTL_FAST_MATH = YES;
				SDKROOT = iphoneos;
				SWIFT_COMPILATION_MODE = wholemodule;
				SWIFT_OPTIMIZATION_LEVEL = "-O";
				VALIDATE_PRODUCT = YES;
			};
			name = Release;
		};
		BE7BC5F121F942E00088A8A8 /* Debug */ = {
			isa = XCBuildConfiguration;
			buildSettings = {
				ASSETCATALOG_COMPILER_APPICON_NAME = AppIcon;
				CODE_SIGN_STYLE = Manual;
				DEVELOPMENT_TEAM = "";
				INFOPLIST_FILE = Time/Info.plist;
				LD_RUNPATH_SEARCH_PATHS = (
					"$(inherited)",
					"@executable_path/Frameworks",
				);
				PRODUCT_BUNDLE_IDENTIFIER = eng.utah.cs4530.Time;
				PRODUCT_NAME = "$(TARGET_NAME)";
				PROVISIONING_PROFILE_SPECIFIER = "";
				SWIFT_VERSION = 4.2;
				TARGETED_DEVICE_FAMILY = "1,2";
			};
			name = Debug;
		};
		BE7BC5F221F942E00088A8A8 /* Release */ = {
			isa = XCBuildConfiguration;
			buildSettings = {
				ASSETCATALOG_COMPILER_APPICON_NAME = AppIcon;
				CODE_SIGN_STYLE = Manual;
				DEVELOPMENT_TEAM = "";
				INFOPLIST_FILE = Time/Info.plist;
				LD_RUNPATH_SEARCH_PATHS = (
					"$(inherited)",
					"@executable_path/Frameworks",
				);
				PRODUCT_BUNDLE_IDENTIFIER = eng.utah.cs4530.Time;
				PRODUCT_NAME = "$(TARGET_NAME)";
				PROVISIONING_PROFILE_SPECIFIER = "";
				SWIFT_VERSION = 4.2;
				TARGETED_DEVICE_FAMILY = "1,2";
			};
			name = Release;
		};
		BE7BC5F421F942E00088A8A8 /* Debug */ = {
			isa = XCBuildConfiguration;
			buildSettings = {
				ALWAYS_EMBED_SWIFT_STANDARD_LIBRARIES = YES;
				BUNDLE_LOADER = "$(TEST_HOST)";
				CODE_SIGN_STYLE = Automatic;
				INFOPLIST_FILE = TimeTests/Info.plist;
				LD_RUNPATH_SEARCH_PATHS = (
					"$(inherited)",
					"@executable_path/Frameworks",
					"@loader_path/Frameworks",
				);
				PRODUCT_BUNDLE_IDENTIFIER = eng.utah.cs4530.TimeTests;
				PRODUCT_NAME = "$(TARGET_NAME)";
				SWIFT_VERSION = 4.2;
				TARGETED_DEVICE_FAMILY = "1,2";
				TEST_HOST = "$(BUILT_PRODUCTS_DIR)/Time.app/Time";
			};
			name = Debug;
		};
		BE7BC5F521F942E00088A8A8 /* Release */ = {
			isa = XCBuildConfiguration;
			buildSettings = {
				ALWAYS_EMBED_SWIFT_STANDARD_LIBRARIES = YES;
				BUNDLE_LOADER = "$(TEST_HOST)";
				CODE_SIGN_STYLE = Automatic;
				INFOPLIST_FILE = TimeTests/Info.plist;
				LD_RUNPATH_SEARCH_PATHS = (
					"$(inherited)",
					"@executable_path/Frameworks",
					"@loader_path/Frameworks",
				);
				PRODUCT_BUNDLE_IDENTIFIER = eng.utah.cs4530.TimeTests;
				PRODUCT_NAME = "$(TARGET_NAME)";
				SWIFT_VERSION = 4.2;
				TARGETED_DEVICE_FAMILY = "1,2";
				TEST_HOST = "$(BUILT_PRODUCTS_DIR)/Time.app/Time";
			};
			name = Release;
		};
		BE7BC5F721F942E00088A8A8 /* Debug */ = {
			isa = XCBuildConfiguration;
			buildSettings = {
				ALWAYS_EMBED_SWIFT_STANDARD_LIBRARIES = YES;
				CODE_SIGN_STYLE = Automatic;
				INFOPLIST_FILE = TimeUITests/Info.plist;
				LD_RUNPATH_SEARCH_PATHS = (
					"$(inherited)",
					"@executable_path/Frameworks",
					"@loader_path/Frameworks",
				);
				PRODUCT_BUNDLE_IDENTIFIER = eng.utah.cs4530.TimeUITests;
				PRODUCT_NAME = "$(TARGET_NAME)";
				SWIFT_VERSION = 4.2;
				TARGETED_DEVICE_FAMILY = "1,2";
				TEST_TARGET_NAME = Time;
			};
			name = Debug;
		};
		BE7BC5F821F942E00088A8A8 /* Release */ = {
			isa = XCBuildConfiguration;
			buildSettings = {
				ALWAYS_EMBED_SWIFT_STANDARD_LIBRARIES = YES;
				CODE_SIGN_STYLE = Automatic;
				INFOPLIST_FILE = TimeUITests/Info.plist;
				LD_RUNPATH_SEARCH_PATHS = (
					"$(inherited)",
					"@executable_path/Frameworks",
					"@loader_path/Frameworks",
				);
				PRODUCT_BUNDLE_IDENTIFIER = eng.utah.cs4530.TimeUITests;
				PRODUCT_NAME = "$(TARGET_NAME)";
				SWIFT_VERSION = 4.2;
				TARGETED_DEVICE_FAMILY = "1,2";
				TEST_TARGET_NAME = Time;
			};
			name = Release;
		};
/* End XCBuildConfiguration section */

/* Begin XCConfigurationList section */
		BE7BC5C321F942D90088A8A8 /* Build configuration list for PBXProject "Time" */ = {
			isa = XCConfigurationList;
			buildConfigurations = (
				BE7BC5EE21F942E00088A8A8 /* Debug */,
				BE7BC5EF21F942E00088A8A8 /* Release */,
			);
			defaultConfigurationIsVisible = 0;
			defaultConfigurationName = Release;
		};
		BE7BC5F021F942E00088A8A8 /* Build configuration list for PBXNativeTarget "Time" */ = {
			isa = XCConfigurationList;
			buildConfigurations = (
				BE7BC5F121F942E00088A8A8 /* Debug */,
				BE7BC5F221F942E00088A8A8 /* Release */,
			);
			defaultConfigurationIsVisible = 0;
			defaultConfigurationName = Release;
		};
		BE7BC5F321F942E00088A8A8 /* Build configuration list for PBXNativeTarget "TimeTests" */ = {
			isa = XCConfigurationList;
			buildConfigurations = (
				BE7BC5F421F942E00088A8A8 /* Debug */,
				BE7BC5F521F942E00088A8A8 /* Release */,
			);
			defaultConfigurationIsVisible = 0;
			defaultConfigurationName = Release;
		};
		BE7BC5F621F942E00088A8A8 /* Build configuration list for PBXNativeTarget "TimeUITests" */ = {
			isa = XCConfigurationList;
			buildConfigurations = (
				BE7BC5F721F942E00088A8A8 /* Debug */,
				BE7BC5F821F942E00088A8A8 /* Release */,
			);
			defaultConfigurationIsVisible = 0;
			defaultConfigurationName = Release;
		};
/* End XCConfigurationList section */
	};
	rootObject = BE7BC5C021F942D90088A8A8 /* Project object */;
}
